{
  "version": 4,
  "terraform_version": "1.4.4",
  "serial": 27,
  "lineage": "1155970b-937d-7cc9-d284-8b5855fa2d2b",
  "outputs": {
    "gke_cluster_name": {
      "value": "demoapp-cluster",
      "type": "string"
    },
    "network": {
      "value": "demoapp-network",
      "type": "string"
    },
    "postgresql_private_ip": {
      "value": "10.179.249.3",
      "type": "string"
    }
  },
  "resources": [
    {
      "module": "module.database",
      "mode": "managed",
      "type": "google_sql_database",
      "name": "database",
      "provider": "provider[\"registry.terraform.io/hashicorp/google\"]",
      "instances": [
        {
          "schema_version": 0,
          "attributes": {
            "charset": "UTF8",
            "collation": "en_US.UTF8",
            "deletion_policy": "DELETE",
            "id": "projects/tst-project-112334/instances/demoapp-db-instance/databases/app",
            "instance": "demoapp-db-instance",
            "name": "app",
            "project": "tst-project-112334",
            "self_link": "https://sqladmin.googleapis.com/sql/v1beta4/projects/tst-project-112334/instances/demoapp-db-instance/databases/app",
            "timeouts": null
          },
          "sensitive_attributes": [],
          "private": "eyJlMmJmYjczMC1lY2FhLTExZTYtOGY4OC0zNDM2M2JjN2M0YzAiOnsiY3JlYXRlIjoxMjAwMDAwMDAwMDAwLCJkZWxldGUiOjEyMDAwMDAwMDAwMDAsInVwZGF0ZSI6MTIwMDAwMDAwMDAwMH19",
          "dependencies": [
            "module.database.google_sql_database_instance.db_instance",
            "module.networking.google_compute_global_address.private_ip_alloc",
            "module.networking.google_compute_network.network",
            "module.networking.google_compute_network_peering_routes_config.peering_routes",
            "module.networking.google_compute_router.router",
            "module.networking.google_compute_router_nat.route_nat",
            "module.networking.google_compute_subnetwork.subnetwork",
            "module.networking.google_service_networking_connection.private_vpc_connection"
          ]
        }
      ]
    },
    {
      "module": "module.database",
      "mode": "managed",
      "type": "google_sql_database_instance",
      "name": "db_instance",
      "provider": "provider[\"registry.terraform.io/hashicorp/google\"]",
      "instances": [
        {
          "schema_version": 0,
          "attributes": {
            "available_maintenance_versions": [],
            "clone": [],
            "connection_name": "tst-project-112334:us-central1:demoapp-db-instance",
            "database_version": "POSTGRES_9_6",
            "deletion_protection": false,
            "encryption_key_name": null,
            "first_ip_address": "10.179.249.3",
            "id": "demoapp-db-instance",
            "instance_type": "CLOUD_SQL_INSTANCE",
            "ip_address": [
              {
                "ip_address": "10.179.249.3",
                "time_to_retire": "",
                "type": "PRIVATE"
              }
            ],
            "maintenance_version": "POSTGRES_9_6_24.R20220710.01_16",
            "master_instance_name": "",
            "name": "demoapp-db-instance",
            "private_ip_address": "10.179.249.3",
            "project": "tst-project-112334",
            "public_ip_address": "",
            "region": "us-central1",
            "replica_configuration": [],
            "restore_backup_context": [],
            "root_password": null,
            "self_link": "https://sqladmin.googleapis.com/sql/v1beta4/projects/tst-project-112334/instances/demoapp-db-instance",
            "server_ca_cert": [
              {
                "cert": "-----BEGIN CERTIFICATE-----\nMIIDfzCCAmegAwIBAgIBADANBgkqhkiG9w0BAQsFADB3MS0wKwYDVQQuEyQ4YmZm\nNmY0Mi1jYzI3LTRkN2EtODVjZS04NzY0N2E0ODgxOTQxIzAhBgNVBAMTGkdvb2ds\nZSBDbG91ZCBTUUwgU2VydmVyIENBMRQwEgYDVQQKEwtHb29nbGUsIEluYzELMAkG\nA1UEBhMCVVMwHhcNMjMwNDA1MTU0ODQ4WhcNMzMwNDAyMTU0OTQ4WjB3MS0wKwYD\nVQQuEyQ4YmZmNmY0Mi1jYzI3LTRkN2EtODVjZS04NzY0N2E0ODgxOTQxIzAhBgNV\nBAMTGkdvb2dsZSBDbG91ZCBTUUwgU2VydmVyIENBMRQwEgYDVQQKEwtHb29nbGUs\nIEluYzELMAkGA1UEBhMCVVMwggEiMA0GCSqGSIb3DQEBAQUAA4IBDwAwggEKAoIB\nAQCBDTDTGFzHuxr2JlFWI4LjN8C74/RezUeh+Zw5kKIVtwNdB1Mi7AcrGwa6kVVn\nUxkYltMQEXWXxyI5CcbeQQuK+MqFoSM7DzisjBI0XI/njyKkFr51RAhiEVOkhVzd\nCxpjC4WxHsk836Y3XIVYjv8JXV/52mOhebtbDz2slJ2KosOo0qpEEg99kW8MPGUJ\nYtOKyWJ6x33QeKXetWB+nY9vyF2IC5bilscbMvO5TsfAbQI3uK58sQUeMBZHWGy0\nYbcfENxGILZ0A04Ar2LAB1eyJi1ZtyHSOqZcB6VSlVVkW7SwTN85BArmc6Lq3rk8\nNv+2bl1eJgzaf8ikm0IxdB/ZAgMBAAGjFjAUMBIGA1UdEwEB/wQIMAYBAf8CAQAw\nDQYJKoZIhvcNAQELBQADggEBADyyEO4y7cNYRl3VY2y4jDc6HVNHQj7WsRyBozW7\nGPiTRtXMMcmbONrxuYaydp8LxoCqxlgzZSg28lFaVz65NUrW+JI2DmI9rEDZmmiQ\nT0aVL56yFL1ZMriwT09/KeZtBJgoEK6Om30tUOUnk5BCQntPJi3yXSq/dhC7XJfj\nWO+ciyTjXeW1ufmdLqmpdMNJR4xkzMznJNbQbfQg70OnxlIuUO4MQulE+c/vRarP\ndszJ6D8bcy4MOAYi5G0QaEqfkxkPI+v4GEG/taefQdpg1H5hqByFT6NQ98aw/XE4\npEHVUDymEMXZYCwQM2LO9cMcxJfKgWO6fwRu2Lohx51/esg=\n-----END CERTIFICATE-----",
                "common_name": "C=US,O=Google\\, Inc,CN=Google Cloud SQL Server CA,dnQualifier=8bff6f42-cc27-4d7a-85ce-87647a488194",
                "create_time": "2023-04-05T15:48:48.655Z",
                "expiration_time": "2033-04-02T15:49:48.655Z",
                "sha1_fingerprint": "fd516360753c45c84b60ef7f8e5b01a3116a0d68"
              }
            ],
            "service_account_email_address": "p133786867102-ccusuf@gcp-sa-cloud-sql.iam.gserviceaccount.com",
            "settings": [
              {
                "activation_policy": "ALWAYS",
                "active_directory_config": [],
                "availability_type": "ZONAL",
                "backup_configuration": [
                  {
                    "backup_retention_settings": [
                      {
                        "retained_backups": 7,
                        "retention_unit": "COUNT"
                      }
                    ],
                    "binary_log_enabled": false,
                    "enabled": false,
                    "location": "",
                    "point_in_time_recovery_enabled": false,
                    "start_time": "23:00",
                    "transaction_log_retention_days": 7
                  }
                ],
                "collation": "",
                "connector_enforcement": "NOT_REQUIRED",
                "database_flags": [],
                "deletion_protection_enabled": false,
                "deny_maintenance_period": [],
                "disk_autoresize": true,
                "disk_autoresize_limit": 0,
                "disk_size": 10,
                "disk_type": "PD_HDD",
                "insights_config": [],
                "ip_configuration": [
                  {
                    "allocated_ip_range": "",
                    "authorized_networks": [],
                    "enable_private_path_for_google_cloud_services": true,
                    "ipv4_enabled": false,
                    "private_network": "projects/tst-project-112334/global/networks/demoapp-network",
                    "require_ssl": false
                  }
                ],
                "location_preference": [
                  {
                    "follow_gae_application": "",
                    "secondary_zone": "",
                    "zone": "us-central1-f"
                  }
                ],
                "maintenance_window": [],
                "password_validation_policy": [],
                "pricing_plan": "PER_USE",
                "sql_server_audit_config": [],
                "tier": "db-g1-small",
                "time_zone": "",
                "user_labels": {},
                "version": 1
              }
            ],
            "timeouts": null
          },
          "sensitive_attributes": [],
          "private": "eyJlMmJmYjczMC1lY2FhLTExZTYtOGY4OC0zNDM2M2JjN2M0YzAiOnsiY3JlYXRlIjoyNDAwMDAwMDAwMDAwLCJkZWxldGUiOjE4MDAwMDAwMDAwMDAsInVwZGF0ZSI6MTgwMDAwMDAwMDAwMH19",
          "dependencies": [
            "module.networking.google_compute_global_address.private_ip_alloc",
            "module.networking.google_compute_network.network",
            "module.networking.google_compute_network_peering_routes_config.peering_routes",
            "module.networking.google_compute_router.router",
            "module.networking.google_compute_router_nat.route_nat",
            "module.networking.google_compute_subnetwork.subnetwork",
            "module.networking.google_service_networking_connection.private_vpc_connection"
          ]
        }
      ]
    },
    {
      "module": "module.database",
      "mode": "managed",
      "type": "google_sql_user",
      "name": "users",
      "provider": "provider[\"registry.terraform.io/hashicorp/google\"]",
      "instances": [
        {
          "schema_version": 1,
          "attributes": {
            "deletion_policy": null,
            "host": "",
            "id": "demouser//demoapp-db-instance",
            "instance": "demoapp-db-instance",
            "name": "demouser",
            "password": "shantest",
            "password_policy": [],
            "project": "tst-project-112334",
            "sql_server_user_details": [],
            "timeouts": null,
            "type": ""
          },
          "sensitive_attributes": [],
          "private": "eyJlMmJmYjczMC1lY2FhLTExZTYtOGY4OC0zNDM2M2JjN2M0YzAiOnsiY3JlYXRlIjo2MDAwMDAwMDAwMDAsImRlbGV0ZSI6NjAwMDAwMDAwMDAwLCJ1cGRhdGUiOjYwMDAwMDAwMDAwMH0sInNjaGVtYV92ZXJzaW9uIjoiMSJ9",
          "dependencies": [
            "module.database.google_sql_database_instance.db_instance",
            "module.networking.google_compute_global_address.private_ip_alloc",
            "module.networking.google_compute_network.network",
            "module.networking.google_compute_network_peering_routes_config.peering_routes",
            "module.networking.google_compute_router.router",
            "module.networking.google_compute_router_nat.route_nat",
            "module.networking.google_compute_subnetwork.subnetwork",
            "module.networking.google_service_networking_connection.private_vpc_connection"
          ]
        }
      ]
    },
    {
      "module": "module.kubernetes",
      "mode": "managed",
      "type": "google_artifact_registry_repository",
      "name": "demoapp_repo",
      "provider": "provider[\"registry.terraform.io/hashicorp/google\"]",
      "instances": [
        {
          "schema_version": 0,
          "attributes": {
            "create_time": "2023-04-05T17:17:25.631246Z",
            "description": "demoapp docker repository",
            "format": "DOCKER",
            "id": "projects/tst-project-112334/locations/us-central1/repositories/demoapp",
            "kms_key_name": "",
            "labels": null,
            "location": "us-central1",
            "maven_config": [],
            "name": "demoapp",
            "project": "tst-project-112334",
            "repository_id": "demoapp",
            "timeouts": null,
            "update_time": "2023-04-05T17:17:25.631246Z"
          },
          "sensitive_attributes": [],
          "private": "eyJlMmJmYjczMC1lY2FhLTExZTYtOGY4OC0zNDM2M2JjN2M0YzAiOnsiY3JlYXRlIjoxMjAwMDAwMDAwMDAwLCJkZWxldGUiOjEyMDAwMDAwMDAwMDAsInVwZGF0ZSI6MTIwMDAwMDAwMDAwMH19",
          "dependencies": [
            "module.networking.google_compute_global_address.private_ip_alloc",
            "module.networking.google_compute_network.network",
            "module.networking.google_compute_network_peering_routes_config.peering_routes",
            "module.networking.google_compute_router.router",
            "module.networking.google_compute_router_nat.route_nat",
            "module.networking.google_compute_subnetwork.subnetwork",
            "module.networking.google_service_networking_connection.private_vpc_connection"
          ]
        }
      ]
    },
    {
      "module": "module.kubernetes",
      "mode": "managed",
      "type": "google_container_cluster",
      "name": "primary",
      "provider": "provider[\"registry.terraform.io/hashicorp/google\"]",
      "instances": [
        {
          "schema_version": 1,
          "attributes": {
            "addons_config": [
              {
                "cloudrun_config": [],
                "config_connector_config": [],
                "dns_cache_config": [],
                "gce_persistent_disk_csi_driver_config": [
                  {
                    "enabled": true
                  }
                ],
                "gcp_filestore_csi_driver_config": [],
                "gke_backup_agent_config": [],
                "horizontal_pod_autoscaling": [],
                "http_load_balancing": [
                  {
                    "disabled": false
                  }
                ],
                "network_policy_config": [
                  {
                    "disabled": true
                  }
                ]
              }
            ],
            "authenticator_groups_config": [],
            "binary_authorization": [
              {
                "enabled": false,
                "evaluation_mode": ""
              }
            ],
            "cluster_autoscaling": [
              {
                "auto_provisioning_defaults": [],
                "enabled": false,
                "resource_limits": []
              }
            ],
            "cluster_ipv4_cidr": "10.20.0.0/14",
            "confidential_nodes": [],
            "cost_management_config": [],
            "database_encryption": [
              {
                "key_name": "",
                "state": "DECRYPTED"
              }
            ],
            "datapath_provider": "",
            "default_max_pods_per_node": null,
            "default_snat_status": [
              {
                "disabled": false
              }
            ],
            "description": "",
            "dns_config": [],
            "enable_autopilot": false,
            "enable_binary_authorization": false,
            "enable_intranode_visibility": false,
            "enable_kubernetes_alpha": false,
            "enable_l4_ilb_subsetting": false,
            "enable_legacy_abac": false,
            "enable_shielded_nodes": true,
            "enable_tpu": false,
            "endpoint": "34.66.196.245",
            "gateway_api_config": [],
            "id": "projects/tst-project-112334/locations/us-central1-a/clusters/demoapp-cluster",
            "initial_node_count": 1,
            "ip_allocation_policy": [],
            "label_fingerprint": "a9dc16a7",
            "location": "us-central1-a",
            "logging_config": [
              {
                "enable_components": [
                  "SYSTEM_COMPONENTS",
                  "WORKLOADS"
                ]
              }
            ],
            "logging_service": "logging.googleapis.com/kubernetes",
            "maintenance_policy": [],
            "master_auth": [
              {
                "client_certificate": "",
                "client_certificate_config": [
                  {
                    "issue_client_certificate": false
                  }
                ],
                "client_key": "",
                "cluster_ca_certificate": "LS0tLS1CRUdJTiBDRVJUSUZJQ0FURS0tLS0tCk1JSUVMRENDQXBTZ0F3SUJBZ0lRT1pNVHc4QjJ4VERkRGpUY1ZORjFhVEFOQmdrcWhraUc5dzBCQVFzRkFEQXYKTVMwd0t3WURWUVFERXlReVlUWTBaRE0xTUMxaFltTTVMVFF6WlRVdE9HSXpPUzB6TnpkallURTBaV0l6TTJJdwpJQmNOTWpNd05EQTFNVFEwTnpJM1doZ1BNakExTXpBek1qZ3hOVFEzTWpkYU1DOHhMVEFyQmdOVkJBTVRKREpoCk5qUmtNelV3TFdGaVl6a3RORE5sTlMwNFlqTTVMVE0zTjJOaE1UUmxZak16WWpDQ0FhSXdEUVlKS29aSWh2Y04KQVFFQkJRQURnZ0dQQURDQ0FZb0NnZ0dCQVBCRmhxa0VMR2tlaFlQYzZCQklER09hWXpiWDhUUEYrNnBhaUZyWApGQisxZTNoSS92UWt1MjBxcWRSaUZ1cGc0alQzcmtHTG43SUpLZ0d6K1drNGVvcEd5TnBTK2ZwUFJGaEkwNit6CmdVcXl3OVgzeS9ick9EOEFiamJHbGo2WnBOTEVudmpDTFN6QnVXNUs1SU1NdGxhbC9FYjdOSmJhc1NiWE5aRmgKd2JBelVXUkF6TDVxVHFoZFpJUjBqK1d6R240clRINW9DaXhBT1RKbkdvZXBMN1ZKY2NhMitnNEFkWnNScExLUApBajVnRGpUelBseWRGT0tMNU5ySGlQNFBMY2QzVDcvbnAwRDZjTDIrdVQ1UERkZSt2d01renFPbTM3R1RRMWhCCllGZG1hQVJmYlpnMzRWWSttNy9Fa1dSZUQ5NHVCQ2ptVWE0S3lkR0pLT0xvT2NveFoyMjJkUnIzQnl5Y2V5eGIKRnVhV0Y2dlMyZzJicndUV0M2V09iMGJ6TUo0akhlMzkrTTdKL0lreU9jd2ZLMDVpeklDOEsrZXlWQUtJS3IwOQo4K2xueHpCRnE4bFJEMzFGOE5pYUthRysyVDR5Vkh2d1BsWUxZQ2M4VmxwTXRNb0VBM1NONmZTTFJab21rWkg2CmpYVVJuaytEZEhCQmZFUEpGcG5xd2VHVERRSURBUUFCbzBJd1FEQU9CZ05WSFE4QkFmOEVCQU1DQWdRd0R3WUQKVlIwVEFRSC9CQVV3QXdFQi96QWRCZ05WSFE0RUZnUVUwQmhiU3RSMG13YS9HbEpDbXR1UWNWV2F4Wm93RFFZSgpLb1pJaHZjTkFRRUxCUUFEZ2dHQkFJTEh4Zm0xVlpXSlpoMmZSbFZLZmRNR3FhYkRkMlhYMWViVERLMmRQZnFKCjkzd1hUd05jTGI2U04wN1EzOFNTRklFUE1lSTNMTjljL2J6Qk0ydkJhaUhCc2lVaVhzMEl2WU1heWg0VnlQdnYKQVRrR2kraTdLbWhyaDJNU0U1UUlibENzdGp2Z1pKQ3FuV05OSTdPVWMwTVNiN05mb3R4Uis0VUIzMHc5T3I0NgovODdXUFpwNVhwcENHcFRScG93MGFDZFRTTEc3dThlOW1xL1VlMzhQdy83ci9INDBxd3JMN0FsOVk2bWcrT25PCldhSmhMK0FjcE5SUTNvWEF5N0gwcm9zYVBzSG5ZRW9Oejl1UnNSejJ1MzE4M3dwblppVHF5eUcvU2UwZU5zUFYKcmZodHhRNVBSWnQ5WWlFQmVOc3pwRXlOazR2ZDU3dWhERnBHUXVpRk9sNEZvUkJwMVpNOEYyMW5DcUw5WkpUUwpJMENMejRyS2NNVzNtMjBCcnAzWHJUV1Z5OHN3Mm9CNTZHS0hVaEs4SStXdjlnWGxOMzNkNU9vWUVIMHhzdVZUCkFrR1hNQk4xTmhmTWRHQVdHdkhXdkpwZXRMSXZMQXNzWU1NdlB5cTdPK3hSQ1B6WmNiT25jV0hUZzgybHZOZk4KZjVHRDdmZWIrS21pWmJPZnZmWStsdz09Ci0tLS0tRU5EIENFUlRJRklDQVRFLS0tLS0K"
              }
            ],
            "master_authorized_networks_config": [],
            "master_version": "1.24.9-gke.3200",
            "mesh_certificates": [],
            "min_master_version": null,
            "monitoring_config": [
              {
                "enable_components": [
                  "SYSTEM_COMPONENTS"
                ],
                "managed_prometheus": []
              }
            ],
            "monitoring_service": "monitoring.googleapis.com/kubernetes",
            "name": "demoapp-cluster",
            "network": "projects/tst-project-112334/global/networks/demoapp-network",
            "network_policy": [
              {
                "enabled": false,
                "provider": "PROVIDER_UNSPECIFIED"
              }
            ],
            "networking_mode": "ROUTES",
            "node_config": [
              {
                "boot_disk_kms_key": "",
                "disk_size_gb": 100,
                "disk_type": "pd-balanced",
                "gcfs_config": [],
                "guest_accelerator": [],
                "gvnic": [],
                "image_type": "COS_CONTAINERD",
                "kubelet_config": [],
                "labels": {},
                "linux_node_config": [],
                "local_nvme_ssd_block_config": [],
                "local_ssd_count": 0,
                "logging_variant": "DEFAULT",
                "machine_type": "e2-small",
                "metadata": {
                  "disable-legacy-endpoints": "true"
                },
                "min_cpu_platform": "",
                "node_group": "",
                "oauth_scopes": [
                  "https://www.googleapis.com/auth/cloud-platform",
                  "https://www.googleapis.com/auth/userinfo.email"
                ],
                "preemptible": false,
                "reservation_affinity": [],
                "resource_labels": {},
                "service_account": "tf-gke-sa@tst-project-112334.iam.gserviceaccount.com",
                "shielded_instance_config": [
                  {
                    "enable_integrity_monitoring": true,
                    "enable_secure_boot": false
                  }
                ],
                "spot": false,
                "tags": [],
                "taint": [],
                "workload_metadata_config": []
              }
            ],
            "node_locations": [],
            "node_pool": [
              {
                "autoscaling": [
                  {
                    "location_policy": "BALANCED",
                    "max_node_count": 2,
                    "min_node_count": 1,
                    "total_max_node_count": 0,
                    "total_min_node_count": 0
                  }
                ],
                "initial_node_count": 1,
                "instance_group_urls": [
                  "https://www.googleapis.com/compute/v1/projects/tst-project-112334/zones/us-central1-a/instanceGroupManagers/gke-demoapp-cluster-terraform-2023040-7e32d288-grp"
                ],
                "managed_instance_group_urls": [
                  "https://www.googleapis.com/compute/v1/projects/tst-project-112334/zones/us-central1-a/instanceGroups/gke-demoapp-cluster-terraform-2023040-7e32d288-grp"
                ],
                "management": [
                  {
                    "auto_repair": true,
                    "auto_upgrade": true
                  }
                ],
                "max_pods_per_node": 0,
                "name": "terraform-20230405155322277800000001",
                "name_prefix": "",
                "network_config": [
                  {
                    "create_pod_range": false,
                    "enable_private_nodes": true,
                    "pod_ipv4_cidr_block": "",
                    "pod_range": ""
                  }
                ],
                "node_config": [
                  {
                    "boot_disk_kms_key": "",
                    "disk_size_gb": 100,
                    "disk_type": "pd-balanced",
                    "gcfs_config": [],
                    "guest_accelerator": [],
                    "gvnic": [],
                    "image_type": "COS_CONTAINERD",
                    "kubelet_config": [],
                    "labels": {},
                    "linux_node_config": [],
                    "local_nvme_ssd_block_config": [],
                    "local_ssd_count": 0,
                    "logging_variant": "DEFAULT",
                    "machine_type": "e2-small",
                    "metadata": {
                      "disable-legacy-endpoints": "true"
                    },
                    "min_cpu_platform": "",
                    "node_group": "",
                    "oauth_scopes": [
                      "https://www.googleapis.com/auth/cloud-platform",
                      "https://www.googleapis.com/auth/userinfo.email"
                    ],
                    "preemptible": false,
                    "reservation_affinity": [],
                    "resource_labels": {},
                    "service_account": "tf-gke-sa@tst-project-112334.iam.gserviceaccount.com",
                    "shielded_instance_config": [
                      {
                        "enable_integrity_monitoring": true,
                        "enable_secure_boot": false
                      }
                    ],
                    "spot": false,
                    "tags": [],
                    "taint": [],
                    "workload_metadata_config": []
                  }
                ],
                "node_count": 1,
                "node_locations": [
                  "us-central1-a"
                ],
                "placement_policy": [],
                "upgrade_settings": [
                  {
                    "blue_green_settings": [],
                    "max_surge": 1,
                    "max_unavailable": 0,
                    "strategy": "SURGE"
                  }
                ],
                "version": "1.24.9-gke.3200"
              }
            ],
            "node_pool_defaults": [
              {
                "node_config_defaults": [
                  {
                    "logging_variant": "DEFAULT"
                  }
                ]
              }
            ],
            "node_version": "1.24.9-gke.3200",
            "notification_config": [
              {
                "pubsub": [
                  {
                    "enabled": false,
                    "filter": [],
                    "topic": ""
                  }
                ]
              }
            ],
            "operation": null,
            "private_cluster_config": [
              {
                "enable_private_endpoint": false,
                "enable_private_nodes": false,
                "master_global_access_config": [
                  {
                    "enabled": false
                  }
                ],
                "master_ipv4_cidr_block": "",
                "peering_name": "",
                "private_endpoint": "10.1.32.2",
                "private_endpoint_subnetwork": "",
                "public_endpoint": "34.66.196.245"
              }
            ],
            "private_ipv6_google_access": "",
            "project": "tst-project-112334",
            "release_channel": [
              {
                "channel": "REGULAR"
              }
            ],
            "remove_default_node_pool": true,
            "resource_labels": {},
            "resource_usage_export_config": [],
            "self_link": "https://container.googleapis.com/v1/projects/tst-project-112334/zones/us-central1-a/clusters/demoapp-cluster",
            "service_external_ips_config": [
              {
                "enabled": false
              }
            ],
            "services_ipv4_cidr": "10.23.240.0/20",
            "subnetwork": "projects/tst-project-112334/regions/us-central1/subnetworks/private-subnet-01",
            "timeouts": null,
            "tpu_ipv4_cidr_block": "",
            "vertical_pod_autoscaling": [],
            "workload_identity_config": []
          },
          "sensitive_attributes": [],
          "private": "eyJlMmJmYjczMC1lY2FhLTExZTYtOGY4OC0zNDM2M2JjN2M0YzAiOnsiY3JlYXRlIjoyNDAwMDAwMDAwMDAwLCJkZWxldGUiOjI0MDAwMDAwMDAwMDAsInJlYWQiOjI0MDAwMDAwMDAwMDAsInVwZGF0ZSI6MzYwMDAwMDAwMDAwMH0sInNjaGVtYV92ZXJzaW9uIjoiMSJ9",
          "dependencies": [
            "module.networking.google_compute_global_address.private_ip_alloc",
            "module.networking.google_compute_network.network",
            "module.networking.google_compute_network_peering_routes_config.peering_routes",
            "module.networking.google_compute_router.router",
            "module.networking.google_compute_router_nat.route_nat",
            "module.networking.google_compute_subnetwork.subnetwork",
            "module.networking.google_service_networking_connection.private_vpc_connection"
          ]
        }
      ]
    },
    {
      "module": "module.kubernetes",
      "mode": "managed",
      "type": "google_container_node_pool",
      "name": "nodepool",
      "provider": "provider[\"registry.terraform.io/hashicorp/google\"]",
      "instances": [
        {
          "schema_version": 1,
          "attributes": {
            "autoscaling": [
              {
                "location_policy": "BALANCED",
                "max_node_count": 2,
                "min_node_count": 1,
                "total_max_node_count": 0,
                "total_min_node_count": 0
              }
            ],
            "cluster": "demoapp-cluster",
            "id": "projects/tst-project-112334/locations/us-central1-a/clusters/demoapp-cluster/nodePools/terraform-20230405155322277800000001",
            "initial_node_count": 1,
            "instance_group_urls": [
              "https://www.googleapis.com/compute/v1/projects/tst-project-112334/zones/us-central1-a/instanceGroupManagers/gke-demoapp-cluster-terraform-2023040-7e32d288-grp"
            ],
            "location": "us-central1-a",
            "managed_instance_group_urls": [
              "https://www.googleapis.com/compute/v1/projects/tst-project-112334/zones/us-central1-a/instanceGroups/gke-demoapp-cluster-terraform-2023040-7e32d288-grp"
            ],
            "management": [
              {
                "auto_repair": true,
                "auto_upgrade": true
              }
            ],
            "max_pods_per_node": null,
            "name": "terraform-20230405155322277800000001",
            "name_prefix": "",
            "network_config": [
              {
                "create_pod_range": false,
                "enable_private_nodes": true,
                "pod_ipv4_cidr_block": "",
                "pod_range": ""
              }
            ],
            "node_config": [
              {
                "boot_disk_kms_key": "",
                "disk_size_gb": 100,
                "disk_type": "pd-balanced",
                "gcfs_config": [],
                "guest_accelerator": [],
                "gvnic": [],
                "image_type": "COS_CONTAINERD",
                "kubelet_config": [],
                "labels": {},
                "linux_node_config": [],
                "local_nvme_ssd_block_config": [],
                "local_ssd_count": 0,
                "logging_variant": "DEFAULT",
                "machine_type": "e2-small",
                "metadata": {
                  "disable-legacy-endpoints": "true"
                },
                "min_cpu_platform": "",
                "node_group": "",
                "oauth_scopes": [
                  "https://www.googleapis.com/auth/cloud-platform",
                  "https://www.googleapis.com/auth/userinfo.email"
                ],
                "preemptible": false,
                "reservation_affinity": [],
                "resource_labels": {},
                "service_account": "tf-gke-sa@tst-project-112334.iam.gserviceaccount.com",
                "shielded_instance_config": [
                  {
                    "enable_integrity_monitoring": true,
                    "enable_secure_boot": false
                  }
                ],
                "spot": false,
                "tags": [],
                "taint": [],
                "workload_metadata_config": []
              }
            ],
            "node_count": 1,
            "node_locations": [
              "us-central1-a"
            ],
            "operation": null,
            "placement_policy": [],
            "project": "tst-project-112334",
            "timeouts": null,
            "upgrade_settings": [
              {
                "blue_green_settings": [],
                "max_surge": 1,
                "max_unavailable": 0,
                "strategy": "SURGE"
              }
            ],
            "version": "1.24.9-gke.3200"
          },
          "sensitive_attributes": [],
          "private": "eyJlMmJmYjczMC1lY2FhLTExZTYtOGY4OC0zNDM2M2JjN2M0YzAiOnsiY3JlYXRlIjoxODAwMDAwMDAwMDAwLCJkZWxldGUiOjE4MDAwMDAwMDAwMDAsInVwZGF0ZSI6MTgwMDAwMDAwMDAwMH0sInNjaGVtYV92ZXJzaW9uIjoiMSJ9",
          "dependencies": [
            "module.kubernetes.google_container_cluster.primary",
            "module.kubernetes.google_service_account.cluster_service_account",
            "module.networking.google_compute_global_address.private_ip_alloc",
            "module.networking.google_compute_network.network",
            "module.networking.google_compute_network_peering_routes_config.peering_routes",
            "module.networking.google_compute_router.router",
            "module.networking.google_compute_router_nat.route_nat",
            "module.networking.google_compute_subnetwork.subnetwork",
            "module.networking.google_service_networking_connection.private_vpc_connection"
          ]
        }
      ]
    },
    {
      "module": "module.kubernetes",
      "mode": "managed",
      "type": "google_project_iam_member",
      "name": "cluster_service_account-artifact-registry-read",
      "provider": "provider[\"registry.terraform.io/hashicorp/google\"]",
      "instances": [
        {
          "schema_version": 0,
          "attributes": {
            "condition": [],
            "etag": "BwX4mLW7xDU=",
            "id": "tst-project-112334/roles/artifactregistry.reader/serviceAccount:tf-gke-sa@tst-project-112334.iam.gserviceaccount.com",
            "member": "serviceAccount:tf-gke-sa@tst-project-112334.iam.gserviceaccount.com",
            "project": "tst-project-112334",
            "role": "roles/artifactregistry.reader"
          },
          "sensitive_attributes": [],
          "private": "bnVsbA==",
          "dependencies": [
            "module.kubernetes.google_service_account.cluster_service_account",
            "module.networking.google_compute_global_address.private_ip_alloc",
            "module.networking.google_compute_network.network",
            "module.networking.google_compute_network_peering_routes_config.peering_routes",
            "module.networking.google_compute_router.router",
            "module.networking.google_compute_router_nat.route_nat",
            "module.networking.google_compute_subnetwork.subnetwork",
            "module.networking.google_service_networking_connection.private_vpc_connection"
          ]
        }
      ]
    },
    {
      "module": "module.kubernetes",
      "mode": "managed",
      "type": "google_project_iam_member",
      "name": "cluster_service_account-artifact-registry-write",
      "provider": "provider[\"registry.terraform.io/hashicorp/google\"]",
      "instances": [
        {
          "schema_version": 0,
          "attributes": {
            "condition": [],
            "etag": "BwX4mLW7xDU=",
            "id": "tst-project-112334/roles/artifactregistry.writer/serviceAccount:tf-gke-sa@tst-project-112334.iam.gserviceaccount.com",
            "member": "serviceAccount:tf-gke-sa@tst-project-112334.iam.gserviceaccount.com",
            "project": "tst-project-112334",
            "role": "roles/artifactregistry.writer"
          },
          "sensitive_attributes": [],
          "private": "bnVsbA==",
          "dependencies": [
            "module.kubernetes.google_service_account.cluster_service_account",
            "module.networking.google_compute_global_address.private_ip_alloc",
            "module.networking.google_compute_network.network",
            "module.networking.google_compute_network_peering_routes_config.peering_routes",
            "module.networking.google_compute_router.router",
            "module.networking.google_compute_router_nat.route_nat",
            "module.networking.google_compute_subnetwork.subnetwork",
            "module.networking.google_service_networking_connection.private_vpc_connection"
          ]
        }
      ]
    },
    {
      "module": "module.kubernetes",
      "mode": "managed",
      "type": "google_project_iam_member",
      "name": "cluster_service_account-gcr",
      "provider": "provider[\"registry.terraform.io/hashicorp/google\"]",
      "instances": [
        {
          "schema_version": 0,
          "attributes": {
            "condition": [],
            "etag": "BwX4mLW7xDU=",
            "id": "tst-project-112334/roles/storage.objectViewer/serviceAccount:tf-gke-sa@tst-project-112334.iam.gserviceaccount.com",
            "member": "serviceAccount:tf-gke-sa@tst-project-112334.iam.gserviceaccount.com",
            "project": "tst-project-112334",
            "role": "roles/storage.objectViewer"
          },
          "sensitive_attributes": [],
          "private": "bnVsbA==",
          "dependencies": [
            "module.kubernetes.google_service_account.cluster_service_account",
            "module.networking.google_compute_global_address.private_ip_alloc",
            "module.networking.google_compute_network.network",
            "module.networking.google_compute_network_peering_routes_config.peering_routes",
            "module.networking.google_compute_router.router",
            "module.networking.google_compute_router_nat.route_nat",
            "module.networking.google_compute_subnetwork.subnetwork",
            "module.networking.google_service_networking_connection.private_vpc_connection"
          ]
        }
      ]
    },
    {
      "module": "module.kubernetes",
      "mode": "managed",
      "type": "google_project_iam_member",
      "name": "cluster_service_account-log_writer",
      "provider": "provider[\"registry.terraform.io/hashicorp/google\"]",
      "instances": [
        {
          "schema_version": 0,
          "attributes": {
            "condition": [],
            "etag": "BwX4mLW7xDU=",
            "id": "tst-project-112334/roles/logging.logWriter/serviceAccount:tf-gke-sa@tst-project-112334.iam.gserviceaccount.com",
            "member": "serviceAccount:tf-gke-sa@tst-project-112334.iam.gserviceaccount.com",
            "project": "tst-project-112334",
            "role": "roles/logging.logWriter"
          },
          "sensitive_attributes": [],
          "private": "bnVsbA==",
          "dependencies": [
            "module.kubernetes.google_service_account.cluster_service_account",
            "module.networking.google_compute_global_address.private_ip_alloc",
            "module.networking.google_compute_network.network",
            "module.networking.google_compute_network_peering_routes_config.peering_routes",
            "module.networking.google_compute_router.router",
            "module.networking.google_compute_router_nat.route_nat",
            "module.networking.google_compute_subnetwork.subnetwork",
            "module.networking.google_service_networking_connection.private_vpc_connection"
          ]
        }
      ]
    },
    {
      "module": "module.kubernetes",
      "mode": "managed",
      "type": "google_project_iam_member",
      "name": "cluster_service_account-metric_writer",
      "provider": "provider[\"registry.terraform.io/hashicorp/google\"]",
      "instances": [
        {
          "schema_version": 0,
          "attributes": {
            "condition": [],
            "etag": "BwX4mLW7xDU=",
            "id": "tst-project-112334/roles/monitoring.metricWriter/serviceAccount:tf-gke-sa@tst-project-112334.iam.gserviceaccount.com",
            "member": "serviceAccount:tf-gke-sa@tst-project-112334.iam.gserviceaccount.com",
            "project": "tst-project-112334",
            "role": "roles/monitoring.metricWriter"
          },
          "sensitive_attributes": [],
          "private": "bnVsbA==",
          "dependencies": [
            "module.kubernetes.google_service_account.cluster_service_account",
            "module.networking.google_compute_global_address.private_ip_alloc",
            "module.networking.google_compute_network.network",
            "module.networking.google_compute_network_peering_routes_config.peering_routes",
            "module.networking.google_compute_router.router",
            "module.networking.google_compute_router_nat.route_nat",
            "module.networking.google_compute_subnetwork.subnetwork",
            "module.networking.google_service_networking_connection.private_vpc_connection"
          ]
        }
      ]
    },
    {
      "module": "module.kubernetes",
      "mode": "managed",
      "type": "google_project_iam_member",
      "name": "cluster_service_account-monitoring_viewer",
      "provider": "provider[\"registry.terraform.io/hashicorp/google\"]",
      "instances": [
        {
          "schema_version": 0,
          "attributes": {
            "condition": [],
            "etag": "BwX4mLW7xDU=",
            "id": "tst-project-112334/roles/monitoring.viewer/serviceAccount:tf-gke-sa@tst-project-112334.iam.gserviceaccount.com",
            "member": "serviceAccount:tf-gke-sa@tst-project-112334.iam.gserviceaccount.com",
            "project": "tst-project-112334",
            "role": "roles/monitoring.viewer"
          },
          "sensitive_attributes": [],
          "private": "bnVsbA==",
          "dependencies": [
            "module.kubernetes.google_service_account.cluster_service_account",
            "module.networking.google_compute_global_address.private_ip_alloc",
            "module.networking.google_compute_network.network",
            "module.networking.google_compute_network_peering_routes_config.peering_routes",
            "module.networking.google_compute_router.router",
            "module.networking.google_compute_router_nat.route_nat",
            "module.networking.google_compute_subnetwork.subnetwork",
            "module.networking.google_service_networking_connection.private_vpc_connection"
          ]
        }
      ]
    },
    {
      "module": "module.kubernetes",
      "mode": "managed",
      "type": "google_project_iam_member",
      "name": "cluster_service_account-resourceMetadata-writer",
      "provider": "provider[\"registry.terraform.io/hashicorp/google\"]",
      "instances": [
        {
          "schema_version": 0,
          "attributes": {
            "condition": [],
            "etag": "BwX4mLW7xDU=",
            "id": "tst-project-112334/roles/stackdriver.resourceMetadata.writer/serviceAccount:tf-gke-sa@tst-project-112334.iam.gserviceaccount.com",
            "member": "serviceAccount:tf-gke-sa@tst-project-112334.iam.gserviceaccount.com",
            "project": "tst-project-112334",
            "role": "roles/stackdriver.resourceMetadata.writer"
          },
          "sensitive_attributes": [],
          "private": "bnVsbA==",
          "dependencies": [
            "module.kubernetes.google_service_account.cluster_service_account",
            "module.networking.google_compute_global_address.private_ip_alloc",
            "module.networking.google_compute_network.network",
            "module.networking.google_compute_network_peering_routes_config.peering_routes",
            "module.networking.google_compute_router.router",
            "module.networking.google_compute_router_nat.route_nat",
            "module.networking.google_compute_subnetwork.subnetwork",
            "module.networking.google_service_networking_connection.private_vpc_connection"
          ]
        }
      ]
    },
    {
      "module": "module.kubernetes",
      "mode": "managed",
      "type": "google_service_account",
      "name": "cluster_service_account",
      "provider": "provider[\"registry.terraform.io/hashicorp/google\"]",
      "instances": [
        {
          "schema_version": 0,
          "attributes": {
            "account_id": "tf-gke-sa",
            "description": "",
            "disabled": false,
            "display_name": "Terraform-managed service account for demoapp-cluster GKE cluster",
            "email": "tf-gke-sa@tst-project-112334.iam.gserviceaccount.com",
            "id": "projects/tst-project-112334/serviceAccounts/tf-gke-sa@tst-project-112334.iam.gserviceaccount.com",
            "member": "serviceAccount:tf-gke-sa@tst-project-112334.iam.gserviceaccount.com",
            "name": "projects/tst-project-112334/serviceAccounts/tf-gke-sa@tst-project-112334.iam.gserviceaccount.com",
            "project": "tst-project-112334",
            "timeouts": null,
            "unique_id": "108981786912709480590"
          },
          "sensitive_attributes": [],
          "private": "eyJlMmJmYjczMC1lY2FhLTExZTYtOGY4OC0zNDM2M2JjN2M0YzAiOnsiY3JlYXRlIjozMDAwMDAwMDAwMDB9fQ==",
          "dependencies": [
            "module.networking.google_compute_global_address.private_ip_alloc",
            "module.networking.google_compute_network.network",
            "module.networking.google_compute_network_peering_routes_config.peering_routes",
            "module.networking.google_compute_router.router",
            "module.networking.google_compute_router_nat.route_nat",
            "module.networking.google_compute_subnetwork.subnetwork",
            "module.networking.google_service_networking_connection.private_vpc_connection"
          ]
        }
      ]
    },
    {
      "module": "module.networking",
      "mode": "managed",
      "type": "google_compute_global_address",
      "name": "private_ip_alloc",
      "provider": "provider[\"registry.terraform.io/hashicorp/google\"]",
      "instances": [
        {
          "schema_version": 0,
          "attributes": {
            "address": "10.179.249.0",
            "address_type": "INTERNAL",
            "creation_timestamp": "2023-04-05T08:46:24.270-07:00",
            "description": "",
            "id": "projects/tst-project-112334/global/addresses/private-ip-alloc",
            "ip_version": "",
            "name": "private-ip-alloc",
            "network": "https://www.googleapis.com/compute/v1/projects/tst-project-112334/global/networks/demoapp-network",
            "prefix_length": 24,
            "project": "tst-project-112334",
            "purpose": "VPC_PEERING",
            "self_link": "https://www.googleapis.com/compute/v1/projects/tst-project-112334/global/addresses/private-ip-alloc",
            "timeouts": null
          },
          "sensitive_attributes": [],
          "private": "eyJlMmJmYjczMC1lY2FhLTExZTYtOGY4OC0zNDM2M2JjN2M0YzAiOnsiY3JlYXRlIjoxMjAwMDAwMDAwMDAwLCJkZWxldGUiOjEyMDAwMDAwMDAwMDB9fQ==",
          "dependencies": [
            "module.networking.google_compute_network.network"
          ]
        }
      ]
    },
    {
      "module": "module.networking",
      "mode": "managed",
      "type": "google_compute_network",
      "name": "network",
      "provider": "provider[\"registry.terraform.io/hashicorp/google\"]",
      "instances": [
        {
          "schema_version": 0,
          "attributes": {
            "auto_create_subnetworks": false,
            "delete_default_routes_on_create": false,
            "description": "network for the go demo application",
            "enable_ula_internal_ipv6": false,
            "gateway_ipv4": "",
            "id": "projects/tst-project-112334/global/networks/demoapp-network",
            "internal_ipv6_range": "",
            "mtu": 0,
            "name": "demoapp-network",
            "project": "tst-project-112334",
            "routing_mode": "REGIONAL",
            "self_link": "https://www.googleapis.com/compute/v1/projects/tst-project-112334/global/networks/demoapp-network",
            "timeouts": null
          },
          "sensitive_attributes": [],
          "private": "eyJlMmJmYjczMC1lY2FhLTExZTYtOGY4OC0zNDM2M2JjN2M0YzAiOnsiY3JlYXRlIjoxMjAwMDAwMDAwMDAwLCJkZWxldGUiOjEyMDAwMDAwMDAwMDAsInVwZGF0ZSI6MTIwMDAwMDAwMDAwMH19"
        }
      ]
    },
    {
      "module": "module.networking",
      "mode": "managed",
      "type": "google_compute_network_peering_routes_config",
      "name": "peering_routes",
      "provider": "provider[\"registry.terraform.io/hashicorp/google\"]",
      "instances": [
        {
          "schema_version": 0,
          "attributes": {
            "export_custom_routes": true,
            "id": "projects/tst-project-112334/global/networks/demoapp-network/networkPeerings/servicenetworking-googleapis-com",
            "import_custom_routes": false,
            "network": "demoapp-network",
            "peering": "servicenetworking-googleapis-com",
            "project": "tst-project-112334",
            "timeouts": null
          },
          "sensitive_attributes": [],
          "private": "eyJlMmJmYjczMC1lY2FhLTExZTYtOGY4OC0zNDM2M2JjN2M0YzAiOnsiY3JlYXRlIjoxMjAwMDAwMDAwMDAwLCJkZWxldGUiOjEyMDAwMDAwMDAwMDAsInVwZGF0ZSI6MTIwMDAwMDAwMDAwMH19",
          "dependencies": [
            "module.networking.google_compute_global_address.private_ip_alloc",
            "module.networking.google_compute_network.network",
            "module.networking.google_service_networking_connection.private_vpc_connection"
          ]
        }
      ]
    },
    {
      "module": "module.networking",
      "mode": "managed",
      "type": "google_compute_router",
      "name": "router",
      "provider": "provider[\"registry.terraform.io/hashicorp/google\"]",
      "instances": [
        {
          "schema_version": 0,
          "attributes": {
            "bgp": [],
            "creation_timestamp": "2023-04-05T08:46:46.624-07:00",
            "description": "",
            "encrypted_interconnect_router": false,
            "id": "projects/tst-project-112334/regions/us-central1/routers/demoapp-router",
            "name": "demoapp-router",
            "network": "https://www.googleapis.com/compute/v1/projects/tst-project-112334/global/networks/demoapp-network",
            "project": "tst-project-112334",
            "region": "us-central1",
            "self_link": "https://www.googleapis.com/compute/v1/projects/tst-project-112334/regions/us-central1/routers/demoapp-router",
            "timeouts": null
          },
          "sensitive_attributes": [],
          "private": "eyJlMmJmYjczMC1lY2FhLTExZTYtOGY4OC0zNDM2M2JjN2M0YzAiOnsiY3JlYXRlIjoxMjAwMDAwMDAwMDAwLCJkZWxldGUiOjEyMDAwMDAwMDAwMDAsInVwZGF0ZSI6MTIwMDAwMDAwMDAwMH19",
          "dependencies": [
            "module.networking.google_compute_network.network",
            "module.networking.google_compute_subnetwork.subnetwork"
          ]
        }
      ]
    },
    {
      "module": "module.networking",
      "mode": "managed",
      "type": "google_compute_router_nat",
      "name": "route_nat",
      "provider": "provider[\"registry.terraform.io/hashicorp/google\"]",
      "instances": [
        {
          "schema_version": 0,
          "attributes": {
            "drain_nat_ips": [],
            "enable_dynamic_port_allocation": false,
            "enable_endpoint_independent_mapping": true,
            "icmp_idle_timeout_sec": 30,
            "id": "tst-project-112334/us-central1/demoapp-router/demoapp-nat",
            "log_config": [],
            "max_ports_per_vm": 0,
            "min_ports_per_vm": 0,
            "name": "demoapp-nat",
            "nat_ip_allocate_option": "AUTO_ONLY",
            "nat_ips": [],
            "project": "tst-project-112334",
            "region": null,
            "router": "demoapp-router",
            "rules": [],
            "source_subnetwork_ip_ranges_to_nat": "LIST_OF_SUBNETWORKS",
            "subnetwork": [
              {
                "name": "https://www.googleapis.com/compute/v1/projects/tst-project-112334/regions/us-central1/subnetworks/private-subnet-01",
                "secondary_ip_range_names": [],
                "source_ip_ranges_to_nat": [
                  "ALL_IP_RANGES"
                ]
              },
              {
                "name": "https://www.googleapis.com/compute/v1/projects/tst-project-112334/regions/us-central1/subnetworks/private-subnet-02",
                "secondary_ip_range_names": [],
                "source_ip_ranges_to_nat": [
                  "ALL_IP_RANGES"
                ]
              }
            ],
            "tcp_established_idle_timeout_sec": 1200,
            "tcp_time_wait_timeout_sec": 120,
            "tcp_transitory_idle_timeout_sec": 30,
            "timeouts": null,
            "udp_idle_timeout_sec": 30
          },
          "sensitive_attributes": [],
          "private": "eyJlMmJmYjczMC1lY2FhLTExZTYtOGY4OC0zNDM2M2JjN2M0YzAiOnsiY3JlYXRlIjoxMjAwMDAwMDAwMDAwLCJkZWxldGUiOjEyMDAwMDAwMDAwMDAsInVwZGF0ZSI6MTIwMDAwMDAwMDAwMH19",
          "dependencies": [
            "module.networking.google_compute_network.network",
            "module.networking.google_compute_router.router",
            "module.networking.google_compute_subnetwork.subnetwork"
          ]
        }
      ]
    },
    {
      "module": "module.networking",
      "mode": "managed",
      "type": "google_compute_subnetwork",
      "name": "subnetwork",
      "provider": "provider[\"registry.terraform.io/hashicorp/google\"]",
      "instances": [
        {
          "index_key": "us-central1/private-subnet-01",
          "schema_version": 0,
          "attributes": {
            "creation_timestamp": "2023-04-05T08:46:24.551-07:00",
            "description": "",
            "external_ipv6_prefix": "",
            "fingerprint": null,
            "gateway_address": "10.1.32.1",
            "id": "projects/tst-project-112334/regions/us-central1/subnetworks/private-subnet-01",
            "ip_cidr_range": "10.1.32.0/20",
            "ipv6_access_type": "",
            "ipv6_cidr_range": "",
            "log_config": [],
            "name": "private-subnet-01",
            "network": "https://www.googleapis.com/compute/v1/projects/tst-project-112334/global/networks/demoapp-network",
            "private_ip_google_access": true,
            "private_ipv6_google_access": "DISABLE_GOOGLE_ACCESS",
            "project": "tst-project-112334",
            "purpose": "PRIVATE",
            "region": "us-central1",
            "role": "",
            "secondary_ip_range": [],
            "self_link": "https://www.googleapis.com/compute/v1/projects/tst-project-112334/regions/us-central1/subnetworks/private-subnet-01",
            "stack_type": "IPV4_ONLY",
            "timeouts": null
          },
          "sensitive_attributes": [],
          "private": "eyJlMmJmYjczMC1lY2FhLTExZTYtOGY4OC0zNDM2M2JjN2M0YzAiOnsiY3JlYXRlIjoxMjAwMDAwMDAwMDAwLCJkZWxldGUiOjEyMDAwMDAwMDAwMDAsInVwZGF0ZSI6MTIwMDAwMDAwMDAwMH19",
          "dependencies": [
            "module.networking.google_compute_network.network"
          ]
        },
        {
          "index_key": "us-central1/private-subnet-02",
          "schema_version": 0,
          "attributes": {
            "creation_timestamp": "2023-04-05T08:46:25.794-07:00",
            "description": "",
            "external_ipv6_prefix": "",
            "fingerprint": null,
            "gateway_address": "10.1.48.1",
            "id": "projects/tst-project-112334/regions/us-central1/subnetworks/private-subnet-02",
            "ip_cidr_range": "10.1.48.0/20",
            "ipv6_access_type": "",
            "ipv6_cidr_range": "",
            "log_config": [],
            "name": "private-subnet-02",
            "network": "https://www.googleapis.com/compute/v1/projects/tst-project-112334/global/networks/demoapp-network",
            "private_ip_google_access": false,
            "private_ipv6_google_access": "DISABLE_GOOGLE_ACCESS",
            "project": "tst-project-112334",
            "purpose": "PRIVATE",
            "region": "us-central1",
            "role": "",
            "secondary_ip_range": [],
            "self_link": "https://www.googleapis.com/compute/v1/projects/tst-project-112334/regions/us-central1/subnetworks/private-subnet-02",
            "stack_type": "IPV4_ONLY",
            "timeouts": null
          },
          "sensitive_attributes": [],
          "private": "eyJlMmJmYjczMC1lY2FhLTExZTYtOGY4OC0zNDM2M2JjN2M0YzAiOnsiY3JlYXRlIjoxMjAwMDAwMDAwMDAwLCJkZWxldGUiOjEyMDAwMDAwMDAwMDAsInVwZGF0ZSI6MTIwMDAwMDAwMDAwMH19",
          "dependencies": [
            "module.networking.google_compute_network.network"
          ]
        },
        {
          "index_key": "us-central1/public-subnet-01",
          "schema_version": 0,
          "attributes": {
            "creation_timestamp": "2023-04-05T08:46:24.496-07:00",
            "description": "",
            "external_ipv6_prefix": "",
            "fingerprint": null,
            "gateway_address": "10.1.0.1",
            "id": "projects/tst-project-112334/regions/us-central1/subnetworks/public-subnet-01",
            "ip_cidr_range": "10.1.0.0/20",
            "ipv6_access_type": "",
            "ipv6_cidr_range": "",
            "log_config": [],
            "name": "public-subnet-01",
            "network": "https://www.googleapis.com/compute/v1/projects/tst-project-112334/global/networks/demoapp-network",
            "private_ip_google_access": false,
            "private_ipv6_google_access": "DISABLE_GOOGLE_ACCESS",
            "project": "tst-project-112334",
            "purpose": "PRIVATE",
            "region": "us-central1",
            "role": "",
            "secondary_ip_range": [],
            "self_link": "https://www.googleapis.com/compute/v1/projects/tst-project-112334/regions/us-central1/subnetworks/public-subnet-01",
            "stack_type": "IPV4_ONLY",
            "timeouts": null
          },
          "sensitive_attributes": [],
          "private": "eyJlMmJmYjczMC1lY2FhLTExZTYtOGY4OC0zNDM2M2JjN2M0YzAiOnsiY3JlYXRlIjoxMjAwMDAwMDAwMDAwLCJkZWxldGUiOjEyMDAwMDAwMDAwMDAsInVwZGF0ZSI6MTIwMDAwMDAwMDAwMH19",
          "dependencies": [
            "module.networking.google_compute_network.network"
          ]
        },
        {
          "index_key": "us-central1/public-subnet-02",
          "schema_version": 0,
          "attributes": {
            "creation_timestamp": "2023-04-05T08:46:25.692-07:00",
            "description": "",
            "external_ipv6_prefix": "",
            "fingerprint": null,
            "gateway_address": "10.1.16.1",
            "id": "projects/tst-project-112334/regions/us-central1/subnetworks/public-subnet-02",
            "ip_cidr_range": "10.1.16.0/20",
            "ipv6_access_type": "",
            "ipv6_cidr_range": "",
            "log_config": [],
            "name": "public-subnet-02",
            "network": "https://www.googleapis.com/compute/v1/projects/tst-project-112334/global/networks/demoapp-network",
            "private_ip_google_access": false,
            "private_ipv6_google_access": "DISABLE_GOOGLE_ACCESS",
            "project": "tst-project-112334",
            "purpose": "PRIVATE",
            "region": "us-central1",
            "role": "",
            "secondary_ip_range": [],
            "self_link": "https://www.googleapis.com/compute/v1/projects/tst-project-112334/regions/us-central1/subnetworks/public-subnet-02",
            "stack_type": "IPV4_ONLY",
            "timeouts": null
          },
          "sensitive_attributes": [],
          "private": "eyJlMmJmYjczMC1lY2FhLTExZTYtOGY4OC0zNDM2M2JjN2M0YzAiOnsiY3JlYXRlIjoxMjAwMDAwMDAwMDAwLCJkZWxldGUiOjEyMDAwMDAwMDAwMDAsInVwZGF0ZSI6MTIwMDAwMDAwMDAwMH19",
          "dependencies": [
            "module.networking.google_compute_network.network"
          ]
        }
      ]
    },
    {
      "module": "module.networking",
      "mode": "managed",
      "type": "google_service_networking_connection",
      "name": "private_vpc_connection",
      "provider": "provider[\"registry.terraform.io/hashicorp/google\"]",
      "instances": [
        {
          "schema_version": 0,
          "attributes": {
            "id": "projects%2Ftst-project-112334%2Fglobal%2Fnetworks%2Fdemoapp-network:servicenetworking.googleapis.com",
            "network": "projects/tst-project-112334/global/networks/demoapp-network",
            "peering": "servicenetworking-googleapis-com",
            "reserved_peering_ranges": [
              "private-ip-alloc"
            ],
            "service": "servicenetworking.googleapis.com",
            "timeouts": null
          },
          "sensitive_attributes": [],
          "private": "eyJlMmJmYjczMC1lY2FhLTExZTYtOGY4OC0zNDM2M2JjN2M0YzAiOnsiY3JlYXRlIjo2MDAwMDAwMDAwMDAsImRlbGV0ZSI6NjAwMDAwMDAwMDAwLCJ1cGRhdGUiOjYwMDAwMDAwMDAwMH19",
          "dependencies": [
            "module.networking.google_compute_global_address.private_ip_alloc",
            "module.networking.google_compute_network.network"
          ]
        }
      ]
    }
  ],
  "check_results": null
}
