{
  "version": 4,
  "terraform_version": "1.4.4",
  "serial": 6,
  "lineage": "0dcdbedc-5791-2b64-25bc-4d86c4c1ffa4",
  "outputs": {},
  "resources": [
    {
      "module": "module.networking",
      "mode": "managed",
      "type": "google_compute_network",
      "name": "network",
      "provider": "provider[\"registry.terraform.io/hashicorp/google\"]",
      "instances": [
        {
          "schema_version": 0,
          "attributes": {
            "auto_create_subnetworks": true,
            "delete_default_routes_on_create": false,
            "description": "network for the go demo application",
            "enable_ula_internal_ipv6": false,
            "gateway_ipv4": "",
            "id": "projects/tst-project-112334/global/networks/demoapp-network",
            "internal_ipv6_range": "",
            "mtu": 0,
            "name": "demoapp-network",
            "project": "tst-project-112334",
            "routing_mode": "REGIONAL",
            "self_link": "https://www.googleapis.com/compute/v1/projects/tst-project-112334/global/networks/demoapp-network",
            "timeouts": null
          },
          "sensitive_attributes": [],
          "private": "eyJlMmJmYjczMC1lY2FhLTExZTYtOGY4OC0zNDM2M2JjN2M0YzAiOnsiY3JlYXRlIjoxMjAwMDAwMDAwMDAwLCJkZWxldGUiOjEyMDAwMDAwMDAwMDAsInVwZGF0ZSI6MTIwMDAwMDAwMDAwMH19"
        }
      ]
    },
    {
      "module": "module.networking",
      "mode": "managed",
      "type": "google_compute_subnetwork",
      "name": "subnetwork",
      "provider": "provider[\"registry.terraform.io/hashicorp/google\"]",
      "instances": [
        {
          "index_key": "us-central1/private-subnet-01",
          "schema_version": 0,
          "attributes": {
            "creation_timestamp": "2023-04-01T20:43:28.426-07:00",
            "description": "",
            "external_ipv6_prefix": "",
            "fingerprint": null,
            "gateway_address": "10.1.32.1",
            "id": "projects/tst-project-112334/regions/us-central1/subnetworks/private-subnet-01",
            "ip_cidr_range": "10.1.32.0/20",
            "ipv6_access_type": "",
            "ipv6_cidr_range": "",
            "log_config": [],
            "name": "private-subnet-01",
            "network": "https://www.googleapis.com/compute/v1/projects/tst-project-112334/global/networks/demoapp-network",
            "private_ip_google_access": false,
            "private_ipv6_google_access": "DISABLE_GOOGLE_ACCESS",
            "project": "tst-project-112334",
            "purpose": "PRIVATE",
            "region": "us-central1",
            "role": "",
            "secondary_ip_range": [],
            "self_link": "https://www.googleapis.com/compute/v1/projects/tst-project-112334/regions/us-central1/subnetworks/private-subnet-01",
            "stack_type": "IPV4_ONLY",
            "timeouts": null
          },
          "sensitive_attributes": [],
          "private": "eyJlMmJmYjczMC1lY2FhLTExZTYtOGY4OC0zNDM2M2JjN2M0YzAiOnsiY3JlYXRlIjoxMjAwMDAwMDAwMDAwLCJkZWxldGUiOjEyMDAwMDAwMDAwMDAsInVwZGF0ZSI6MTIwMDAwMDAwMDAwMH19",
          "dependencies": [
            "module.networking.google_compute_network.network"
          ]
        },
        {
          "index_key": "us-central1/private-subnet-02",
          "schema_version": 0,
          "attributes": {
            "creation_timestamp": "2023-04-01T20:43:28.498-07:00",
            "description": "",
            "external_ipv6_prefix": "",
            "fingerprint": null,
            "gateway_address": "10.1.48.1",
            "id": "projects/tst-project-112334/regions/us-central1/subnetworks/private-subnet-02",
            "ip_cidr_range": "10.1.48.0/20",
            "ipv6_access_type": "",
            "ipv6_cidr_range": "",
            "log_config": [],
            "name": "private-subnet-02",
            "network": "https://www.googleapis.com/compute/v1/projects/tst-project-112334/global/networks/demoapp-network",
            "private_ip_google_access": false,
            "private_ipv6_google_access": "DISABLE_GOOGLE_ACCESS",
            "project": "tst-project-112334",
            "purpose": "PRIVATE",
            "region": "us-central1",
            "role": "",
            "secondary_ip_range": [],
            "self_link": "https://www.googleapis.com/compute/v1/projects/tst-project-112334/regions/us-central1/subnetworks/private-subnet-02",
            "stack_type": "IPV4_ONLY",
            "timeouts": null
          },
          "sensitive_attributes": [],
          "private": "eyJlMmJmYjczMC1lY2FhLTExZTYtOGY4OC0zNDM2M2JjN2M0YzAiOnsiY3JlYXRlIjoxMjAwMDAwMDAwMDAwLCJkZWxldGUiOjEyMDAwMDAwMDAwMDAsInVwZGF0ZSI6MTIwMDAwMDAwMDAwMH19",
          "dependencies": [
            "module.networking.google_compute_network.network"
          ]
        },
        {
          "index_key": "us-central1/public-subnet-01",
          "schema_version": 0,
          "attributes": {
            "creation_timestamp": "2023-04-01T20:43:28.433-07:00",
            "description": "",
            "external_ipv6_prefix": "",
            "fingerprint": null,
            "gateway_address": "10.1.0.1",
            "id": "projects/tst-project-112334/regions/us-central1/subnetworks/public-subnet-01",
            "ip_cidr_range": "10.1.0.0/20",
            "ipv6_access_type": "",
            "ipv6_cidr_range": "",
            "log_config": [],
            "name": "public-subnet-01",
            "network": "https://www.googleapis.com/compute/v1/projects/tst-project-112334/global/networks/demoapp-network",
            "private_ip_google_access": false,
            "private_ipv6_google_access": "DISABLE_GOOGLE_ACCESS",
            "project": "tst-project-112334",
            "purpose": "PRIVATE",
            "region": "us-central1",
            "role": "",
            "secondary_ip_range": [],
            "self_link": "https://www.googleapis.com/compute/v1/projects/tst-project-112334/regions/us-central1/subnetworks/public-subnet-01",
            "stack_type": "IPV4_ONLY",
            "timeouts": null
          },
          "sensitive_attributes": [],
          "private": "eyJlMmJmYjczMC1lY2FhLTExZTYtOGY4OC0zNDM2M2JjN2M0YzAiOnsiY3JlYXRlIjoxMjAwMDAwMDAwMDAwLCJkZWxldGUiOjEyMDAwMDAwMDAwMDAsInVwZGF0ZSI6MTIwMDAwMDAwMDAwMH19",
          "dependencies": [
            "module.networking.google_compute_network.network"
          ]
        },
        {
          "index_key": "us-central1/public-subnet-02",
          "schema_version": 0,
          "attributes": {
            "creation_timestamp": "2023-04-01T20:43:28.454-07:00",
            "description": "",
            "external_ipv6_prefix": "",
            "fingerprint": null,
            "gateway_address": "10.1.16.1",
            "id": "projects/tst-project-112334/regions/us-central1/subnetworks/public-subnet-02",
            "ip_cidr_range": "10.1.16.0/20",
            "ipv6_access_type": "",
            "ipv6_cidr_range": "",
            "log_config": [],
            "name": "public-subnet-02",
            "network": "https://www.googleapis.com/compute/v1/projects/tst-project-112334/global/networks/demoapp-network",
            "private_ip_google_access": false,
            "private_ipv6_google_access": "DISABLE_GOOGLE_ACCESS",
            "project": "tst-project-112334",
            "purpose": "PRIVATE",
            "region": "us-central1",
            "role": "",
            "secondary_ip_range": [],
            "self_link": "https://www.googleapis.com/compute/v1/projects/tst-project-112334/regions/us-central1/subnetworks/public-subnet-02",
            "stack_type": "IPV4_ONLY",
            "timeouts": null
          },
          "sensitive_attributes": [],
          "private": "eyJlMmJmYjczMC1lY2FhLTExZTYtOGY4OC0zNDM2M2JjN2M0YzAiOnsiY3JlYXRlIjoxMjAwMDAwMDAwMDAwLCJkZWxldGUiOjEyMDAwMDAwMDAwMDAsInVwZGF0ZSI6MTIwMDAwMDAwMDAwMH19",
          "dependencies": [
            "module.networking.google_compute_network.network"
          ]
        }
      ]
    }
  ],
  "check_results": null
}
